PODS:
  - FBSnapshotTestCase (2.1.4):
    - FBSnapshotTestCase/SwiftSupport (= 2.1.4)
  - FBSnapshotTestCase/Core (2.1.4)
  - FBSnapshotTestCase/SwiftSupport (2.1.4):
    - FBSnapshotTestCase/Core
  - IosAwnCore (0.7.0-alpha.2)

DEPENDENCIES:
  - FBSnapshotTestCase (~> 2.1.4)
  - IosAwnCore (from `../`)

SPEC REPOS:
  trunk:
    - FBSnapshotTestCase

EXTERNAL SOURCES:
  IosAwnCore:
    :path: "../"

SPEC CHECKSUMS:
  FBSnapshotTestCase: 094f9f314decbabe373b87cc339bea235a63e07a
  IosAwnCore: 5180cdfac5cf50888ce4a885d6adbdd45885a98e

PODFILE CHECKSUM: f30d084e8a38db2c908e1b81e97d4741f5851f66

COCOAPODS: 1.11.3
