PODS:
  - FBSnapshotTestCase (2.1.4):
    - FBSnapshotTestCase/SwiftSupport (= 2.1.4)
  - FBSnapshotTestCase/Core (2.1.4)
  - FBSnapshotTestCase/SwiftSupport (2.1.4):
    - FBSnapshotTestCase/Core
  - IosAwnCore (0.7.5-dev.3)

DEPENDENCIES:
  - FBSnapshotTestCase (~> 2.1.4)
  - IosAwnCore (from `../`)

SPEC REPOS:
  trunk:
    - FBSnapshotTestCase

EXTERNAL SOURCES:
  IosAwnCore:
    :path: "../"

SPEC CHECKSUMS:
  FBSnapshotTestCase: 094f9f314decbabe373b87cc339bea235a63e07a
  IosAwnCore: edf31913fd18960ebcde7c05912dc860ca2b63b2

PODFILE CHECKSUM: fc29e9727f005f4a155945343f8282c8133040f5

COCOAPODS: 1.12.1
